
Microsoft Visual Studio Solution File, Format Version 12.00
# Visual Studio Version 17
VisualStudioVersion = 17.14.36908.2 d17.14
MinimumVisualStudioVersion = 10.0.40219.1
Project("{FAE04EC0-301F-11D3-BF4B-00C04F79EFBC}") = "WindowsFormsAppTesting", "WindowsFormsAppTesting\WindowsFormsAppTesting.csproj", "{A43D20D9-0F31-467B-8035-EBC089CC910E}"
EndProject
Global
	GlobalSection(SolutionConfigurationPlatforms) = preSolution
		Debug|Any CPU = Debug|Any CPU
		Release|Any CPU = Release|Any CPU
	EndGlobalSection
	GlobalSection(ProjectConfigurationPlatforms) = postSolution
		{A43D20D9-0F31-467B-8035-EBC089CC910E}.Debug|Any CPU.ActiveCfg = Debug|Any CPU
		{A43D20D9-0F31-467B-8035-EBC089CC910E}.Debug|Any CPU.Build.0 = Debug|Any CPU
		{A43D20D9-0F31-467B-8035-EBC089CC910E}.Release|Any CPU.ActiveCfg = Release|Any CPU
		{A43D20D9-0F31-467B-8035-EBC089CC910E}.Release|Any CPU.Build.0 = Release|Any CPU
	EndGlobalSection
	GlobalSection(SolutionProperties) = preSolution
		HideSolutionNode = FALSE
	EndGlobalSection
	GlobalSection(ExtensibilityGlobals) = postSolution
		SolutionGuid = {DAB84525-C094-4B37-ABBA-A143012544BA}
	EndGlobalSection
EndGlobal
